
Microsoft Visual Studio Solution File, Format Version 12.00
# Visual Studio Version 17
VisualStudioVersion = 17.1.32421.90
MinimumVisualStudioVersion = 10.0.40219.1
Project("{FAE04EC0-301F-11D3-BF4B-00C04F79EFBC}") = "RegexValidation", "RegexValidation\RegexValidation.csproj", "{D3D047FB-69FE-4535-86B8-00B0C22C7E58}"
EndProject
Global
	GlobalSection(SolutionConfigurationPlatforms) = preSolution
		Debug|Any CPU = Debug|Any CPU
		Release|Any CPU = Release|Any CPU
	EndGlobalSection
	GlobalSection(ProjectConfigurationPlatforms) = postSolution
		{D3D047FB-69FE-4535-86B8-00B0C22C7E58}.Debug|Any CPU.ActiveCfg = Debug|Any CPU
		{D3D047FB-69FE-4535-86B8-00B0C22C7E58}.Debug|Any CPU.Build.0 = Debug|Any CPU
		{D3D047FB-69FE-4535-86B8-00B0C22C7E58}.Release|Any CPU.ActiveCfg = Release|Any CPU
		{D3D047FB-69FE-4535-86B8-00B0C22C7E58}.Release|Any CPU.Build.0 = Release|Any CPU
	EndGlobalSection
	GlobalSection(SolutionProperties) = preSolution
		HideSolutionNode = FALSE
	EndGlobalSection
	GlobalSection(ExtensibilityGlobals) = postSolution
		SolutionGuid = {9198FAB5-B41E-4138-8575-383270902D12}
	EndGlobalSection
EndGlobal
